<?xml version="1.0" encoding="utf-8"?>
<Project ToolsVersion="4.0" xmlns="http://schemas.microsoft.com/developer/msbuild/2003">
  <ItemGroup>
    <Filter Include="Source Files">
      <UniqueIdentifier>{b059aec0-2c8e-4273-add4-2249872ab68a}</UniqueIdentifier>
    </Filter>
    <Filter Include="Header Files">
      <UniqueIdentifier>{c42edced-bf75-4c31-b06a-a86b3651d692}</UniqueIdentifier>
    </Filter>
    <Filter Include="Header Files\User_Reports">
      <UniqueIdentifier>{8caa92f1-d4d9-42cf-b2d4-7b822ba60f1d}</UniqueIdentifier>
    </Filter>
    <Filter Include="Common Files">
      <UniqueIdentifier>{9a5e007c-6502-4888-883e-fbbe4d81ee5e}</UniqueIdentifier>
    </Filter>
    <Filter Include="Common Files\win">
      <UniqueIdentifier>{8eebe73c-1f17-4ab6-8245-daa1c8b73649}</UniqueIdentifier>
    </Filter>
    <Filter Include="Common Files\User_Reports">
      <UniqueIdentifier>{649cb062-2c2b-4d57-b1d9-f922c7fd290d}</UniqueIdentifier>
    </Filter>
    <Filter Include="Common Files\SoftBody">
      <UniqueIdentifier>{3a18192d-f917-4211-bdd1-723fde3a3b1b}</UniqueIdentifier>
    </Filter>
    <Filter Include="libs">
      <UniqueIdentifier>{8308956d-1bc2-4add-bfca-f855795fe32a}</UniqueIdentifier>
    </Filter>
    <Filter Include="libs\SDKs">
      <UniqueIdentifier>{ee489419-bad3-4635-ad11-3ae4a42a955d}</UniqueIdentifier>
    </Filter>
    <Filter Include="libs\SDKs\lib">
      <UniqueIdentifier>{f9317067-de02-4128-a1df-f01081b1fa0f}</UniqueIdentifier>
    </Filter>
    <Filter Include="libs\SDKs\lib\Win32">
      <UniqueIdentifier>{6cdfb707-ff7f-44e9-a1b0-fd629827147e}</UniqueIdentifier>
    </Filter>
    <Filter Include="libs\Graphics">
      <UniqueIdentifier>{3413b849-0bb0-41e7-a1ec-9b2b3d763182}</UniqueIdentifier>
    </Filter>
    <Filter Include="libs\Graphics\lib">
      <UniqueIdentifier>{b8420473-44c6-4863-b033-f5044b056879}</UniqueIdentifier>
    </Filter>
    <Filter Include="libs\Graphics\lib\win32">
      <UniqueIdentifier>{f23b0cef-6cc5-41dc-b6a4-cb68f8d2d36f}</UniqueIdentifier>
    </Filter>
    <Filter Include="libs\Graphics\lib\win32\glut">
      <UniqueIdentifier>{704a0290-8cf0-4dc6-887b-d5f175eb6990}</UniqueIdentifier>
    </Filter>
  </ItemGroup>
  <ItemGroup>
    <ClCompile Include="..\..\Lesson115\source\Lesson115.cpp">
      <Filter>Source Files</Filter>
    </ClCompile>
    <ClCompile Include="..\..\..\Shared_Source\DrawObjects.cpp">
      <Filter>Common Files</Filter>
    </ClCompile>
    <ClCompile Include="..\..\..\Shared_Source\GLFontRenderer.cpp">
      <Filter>Common Files</Filter>
    </ClCompile>
    <ClCompile Include="..\..\..\Shared_Source\HUD.cpp">
      <Filter>Common Files</Filter>
    </ClCompile>
    <ClCompile Include="..\..\..\Shared_Source\Stream.cpp">
      <Filter>Common Files</Filter>
    </ClCompile>
    <ClCompile Include="..\..\..\Shared_Source\UserData.cpp">
      <Filter>Common Files</Filter>
    </ClCompile>
    <ClCompile Include="..\..\..\Shared_Source\win\MediaPath_WIN.cpp">
      <Filter>Common Files\win</Filter>
    </ClCompile>
    <ClCompile Include="..\..\..\Shared_Source\win\Timing_WIN.cpp">
      <Filter>Common Files\win</Filter>
    </ClCompile>
    <ClCompile Include="..\..\..\Shared_Source\User_Reports\DebugRenderer.cpp">
      <Filter>Common Files\User_Reports</Filter>
    </ClCompile>
    <ClCompile Include="..\..\..\Shared_Source\User_Reports\UserAllocator.cpp">
      <Filter>Common Files\User_Reports</Filter>
    </ClCompile>
    <ClCompile Include="..\..\..\Shared_Source\SoftBody\BmpLoader.cpp">
      <Filter>Common Files\SoftBody</Filter>
    </ClCompile>
    <ClCompile Include="..\..\..\Shared_Source\SoftBody\cooking.cpp">
      <Filter>Common Files\SoftBody</Filter>
    </ClCompile>
    <ClCompile Include="..\..\..\Shared_Source\SoftBody\glRenderer.cpp">
      <Filter>Common Files\SoftBody</Filter>
    </ClCompile>
    <ClCompile Include="..\..\..\Shared_Source\SoftBody\MeshHash.cpp">
      <Filter>Common Files\SoftBody</Filter>
    </ClCompile>
    <ClCompile Include="..\..\..\Shared_Source\SoftBody\MySoftBody.cpp">
      <Filter>Common Files\SoftBody</Filter>
    </ClCompile>
    <ClCompile Include="..\..\..\Shared_Source\SoftBody\ObjMesh.cpp">
      <Filter>Common Files\SoftBody</Filter>
    </ClCompile>
  </ItemGroup>
  <ItemGroup>
    <ClInclude Include="..\..\..\Shared_Source\DrawObjects.h">
      <Filter>Header Files</Filter>
    </ClInclude>
    <ClInclude Include="..\..\..\Shared_Source\HUD.h">
      <Filter>Header Files</Filter>
    </ClInclude>
    <ClInclude Include="..\..\Lesson115\source\Lesson115.h">
      <Filter>Header Files</Filter>
    </ClInclude>
    <ClInclude Include="..\..\..\Shared_Source\User_Reports\DebugRenderer.h">
      <Filter>Header Files\User_Reports</Filter>
    </ClInclude>
  </ItemGroup>
  <ItemGroup>
    <Library Include="..\..\..\..\..\SDKs\lib\Win32\NxCharacter.lib">
      <Filter>libs\SDKs\lib\Win32</Filter>
    </Library>
    <Library Include="..\..\..\..\..\SDKs\lib\Win32\PhysXCooking.lib">
      <Filter>libs\SDKs\lib\Win32</Filter>
    </Library>
    <Library Include="..\..\..\..\..\SDKs\lib\Win32\PhysXLoader.lib">
      <Filter>libs\SDKs\lib\Win32</Filter>
    </Library>
    <Library Include="..\..\..\..\..\Graphics\lib\win32\glut\glut32.lib">
      <Filter>libs\Graphics\lib\win32\glut</Filter>
    </Library>
  </ItemGroup>
</Project>