<?xml version="1.0" encoding="utf-8"?>
<Project ToolsVersion="4.0" xmlns="http://schemas.microsoft.com/developer/msbuild/2003">
  <ItemGroup>
    <Filter Include="Source Files">
      <UniqueIdentifier>{92ac7310-0c92-4d1e-98dc-b405c1f7aff4}</UniqueIdentifier>
    </Filter>
    <Filter Include="Header Files">
      <UniqueIdentifier>{7ff4f45c-acba-49eb-bee6-706628f0e400}</UniqueIdentifier>
    </Filter>
    <Filter Include="Header Files\User_Reports">
      <UniqueIdentifier>{74aeae3f-8d70-4b72-85da-2c037b0125df}</UniqueIdentifier>
    </Filter>
    <Filter Include="Common Files">
      <UniqueIdentifier>{4dc47a1a-94cf-4ed4-97f8-41d233a91445}</UniqueIdentifier>
    </Filter>
    <Filter Include="Common Files\win">
      <UniqueIdentifier>{d4ffbecd-fb76-49a2-98a7-ea461e1ec994}</UniqueIdentifier>
    </Filter>
    <Filter Include="Common Files\User_Reports">
      <UniqueIdentifier>{40c0f5a5-e43a-4042-b6ab-332cc77262d0}</UniqueIdentifier>
    </Filter>
    <Filter Include="libs">
      <UniqueIdentifier>{84c446e7-66fa-407b-9327-ef0fcb8457a0}</UniqueIdentifier>
    </Filter>
    <Filter Include="libs\SDKs">
      <UniqueIdentifier>{f46431da-1602-4bd5-b148-5c5844b6c9d1}</UniqueIdentifier>
    </Filter>
    <Filter Include="libs\SDKs\lib">
      <UniqueIdentifier>{dd029ad2-5b35-449e-ac30-20797e7c0b4c}</UniqueIdentifier>
    </Filter>
    <Filter Include="libs\SDKs\lib\Win32">
      <UniqueIdentifier>{9d55191d-60db-4202-96e4-bdba44101757}</UniqueIdentifier>
    </Filter>
    <Filter Include="libs\Graphics">
      <UniqueIdentifier>{cb50e079-8ee6-4ed8-8941-63f3ea69ad7f}</UniqueIdentifier>
    </Filter>
    <Filter Include="libs\Graphics\lib">
      <UniqueIdentifier>{726bda28-a402-4dba-af1c-94e0c02e5861}</UniqueIdentifier>
    </Filter>
    <Filter Include="libs\Graphics\lib\win32">
      <UniqueIdentifier>{4954911d-830a-4862-95e3-f8ed6597faa7}</UniqueIdentifier>
    </Filter>
    <Filter Include="libs\Graphics\lib\win32\glut">
      <UniqueIdentifier>{2cb1f3ba-13bb-45a8-a81a-d414b6f4bec9}</UniqueIdentifier>
    </Filter>
  </ItemGroup>
  <ItemGroup>
    <ClCompile Include="..\..\Lesson114\source\Lesson114.cpp">
      <Filter>Source Files</Filter>
    </ClCompile>
    <ClCompile Include="..\..\..\Shared_Source\Actors.cpp">
      <Filter>Common Files</Filter>
    </ClCompile>
    <ClCompile Include="..\..\..\Shared_Source\DrawObjects.cpp">
      <Filter>Common Files</Filter>
    </ClCompile>
    <ClCompile Include="..\..\..\Shared_Source\GLFontRenderer.cpp">
      <Filter>Common Files</Filter>
    </ClCompile>
    <ClCompile Include="..\..\..\Shared_Source\HUD.cpp">
      <Filter>Common Files</Filter>
    </ClCompile>
    <ClCompile Include="..\..\..\Shared_Source\Stream.cpp">
      <Filter>Common Files</Filter>
    </ClCompile>
    <ClCompile Include="..\..\..\Shared_Source\UserData.cpp">
      <Filter>Common Files</Filter>
    </ClCompile>
    <ClCompile Include="..\..\..\Shared_Source\win\MediaPath_WIN.cpp">
      <Filter>Common Files\win</Filter>
    </ClCompile>
    <ClCompile Include="..\..\..\Shared_Source\win\Timing_WIN.cpp">
      <Filter>Common Files\win</Filter>
    </ClCompile>
    <ClCompile Include="..\..\..\Shared_Source\User_Reports\DebugRenderer.cpp">
      <Filter>Common Files\User_Reports</Filter>
    </ClCompile>
    <ClCompile Include="..\..\..\Shared_Source\User_Reports\UserAllocator.cpp">
      <Filter>Common Files\User_Reports</Filter>
    </ClCompile>
  </ItemGroup>
  <ItemGroup>
    <ClInclude Include="..\..\..\Shared_Source\DrawObjects.h">
      <Filter>Header Files</Filter>
    </ClInclude>
    <ClInclude Include="..\..\..\Shared_Source\HUD.h">
      <Filter>Header Files</Filter>
    </ClInclude>
    <ClInclude Include="..\..\Lesson114\source\Lesson114.h">
      <Filter>Header Files</Filter>
    </ClInclude>
    <ClInclude Include="..\..\..\Shared_Source\User_Reports\DebugRenderer.h">
      <Filter>Header Files\User_Reports</Filter>
    </ClInclude>
  </ItemGroup>
  <ItemGroup>
    <Library Include="..\..\..\..\..\SDKs\lib\Win32\NxCharacter.lib">
      <Filter>libs\SDKs\lib\Win32</Filter>
    </Library>
    <Library Include="..\..\..\..\..\SDKs\lib\Win32\PhysXCooking.lib">
      <Filter>libs\SDKs\lib\Win32</Filter>
    </Library>
    <Library Include="..\..\..\..\..\SDKs\lib\Win32\PhysXLoader.lib">
      <Filter>libs\SDKs\lib\Win32</Filter>
    </Library>
    <Library Include="..\..\..\..\..\Graphics\lib\win32\glut\glut32.lib">
      <Filter>libs\Graphics\lib\win32\glut</Filter>
    </Library>
  </ItemGroup>
</Project>