Microsoft Visual Studio Solution File, Format Version 10.00
# Visual Studio 2008
Project("{8BC9CEB8-8B4A-11D0-8D11-00A0C91BC942}") = "Lesson401", "Lesson401.vcproj", "{093B96E6-2532-818E-E2A6-95CAA1709960}"
EndProject
Project("{8BC9CEB8-8B4A-11D0-8D11-00A0C91BC942}") = "Lesson402", "Lesson402.vcproj", "{0A3B8834-1AE8-4060-9792-62AC7D40C48E}"
EndProject
Project("{8BC9CEB8-8B4A-11D0-8D11-00A0C91BC942}") = "Lesson403", "Lesson403.vcproj", "{0B3B7A0E-1698-1422-F236-345A7B6AAFD6}"
EndProject
Project("{8BC9CEB8-8B4A-11D0-8D11-00A0C91BC942}") = "Lesson404", "Lesson404.vcproj", "{0C3B6C74-2BE0-33D8-B7DC-82D01DE4A214}"
EndProject
Project("{8BC9CEB8-8B4A-11D0-8D11-00A0C91BC942}") = "Lesson405", "Lesson405.vcproj", "{0D3A93BA-84F0-5581-E208-F9E48E9D7F74}"
EndProject
Project("{8BC9CEB8-8B4A-11D0-8D11-00A0C91BC942}") = "Lesson406", "Lesson406.vcproj", "{0E3A86CC-4778-CC08-C66E-36CC508E8612}"
EndProject
Project("{8BC9CEB8-8B4A-11D0-8D11-00A0C91BC942}") = "Lesson407", "Lesson407.vcproj", "{0F3A79FA-B670-B662-26BC-9962B1C6CD82}"
EndProject
Project("{8BC9CEB8-8B4A-11D0-8D11-00A0C91BC942}") = "Lesson408", "Lesson408.vcproj", "{103A6C44-E9B8-EE5C-64A0-10A4C7D435F0}"
EndProject
Global
	GlobalSection(SolutionConfigurationPlatforms) = preSolution
		Debug|Win32 = Debug|Win32
		default|Win32 = default|Win32
		Release|Win32 = Release|Win32
	EndGlobalSection
	GlobalSection(ProjectConfigurationPlatforms) = postSolution
		{093B96E6-2532-818E-E2A6-95CAA1709960}.Debug|Win32.ActiveCfg = Debug|Win32
		{093B96E6-2532-818E-E2A6-95CAA1709960}.Debug|Win32.Build.0 = Debug|Win32
		{093B96E6-2532-818E-E2A6-95CAA1709960}.default|Win32.ActiveCfg = default|Win32
		{093B96E6-2532-818E-E2A6-95CAA1709960}.default|Win32.Build.0 = default|Win32
		{093B96E6-2532-818E-E2A6-95CAA1709960}.Release|Win32.ActiveCfg = Release|Win32
		{093B96E6-2532-818E-E2A6-95CAA1709960}.Release|Win32.Build.0 = Release|Win32
		{0A3B8834-1AE8-4060-9792-62AC7D40C48E}.Debug|Win32.ActiveCfg = Debug|Win32
		{0A3B8834-1AE8-4060-9792-62AC7D40C48E}.Debug|Win32.Build.0 = Debug|Win32
		{0A3B8834-1AE8-4060-9792-62AC7D40C48E}.default|Win32.ActiveCfg = default|Win32
		{0A3B8834-1AE8-4060-9792-62AC7D40C48E}.default|Win32.Build.0 = default|Win32
		{0A3B8834-1AE8-4060-9792-62AC7D40C48E}.Release|Win32.ActiveCfg = Release|Win32
		{0A3B8834-1AE8-4060-9792-62AC7D40C48E}.Release|Win32.Build.0 = Release|Win32
		{0B3B7A0E-1698-1422-F236-345A7B6AAFD6}.Debug|Win32.ActiveCfg = Debug|Win32
		{0B3B7A0E-1698-1422-F236-345A7B6AAFD6}.Debug|Win32.Build.0 = Debug|Win32
		{0B3B7A0E-1698-1422-F236-345A7B6AAFD6}.default|Win32.ActiveCfg = default|Win32
		{0B3B7A0E-1698-1422-F236-345A7B6AAFD6}.default|Win32.Build.0 = default|Win32
		{0B3B7A0E-1698-1422-F236-345A7B6AAFD6}.Release|Win32.ActiveCfg = Release|Win32
		{0B3B7A0E-1698-1422-F236-345A7B6AAFD6}.Release|Win32.Build.0 = Release|Win32
		{0C3B6C74-2BE0-33D8-B7DC-82D01DE4A214}.Debug|Win32.ActiveCfg = Debug|Win32
		{0C3B6C74-2BE0-33D8-B7DC-82D01DE4A214}.Debug|Win32.Build.0 = Debug|Win32
		{0C3B6C74-2BE0-33D8-B7DC-82D01DE4A214}.default|Win32.ActiveCfg = default|Win32
		{0C3B6C74-2BE0-33D8-B7DC-82D01DE4A214}.default|Win32.Build.0 = default|Win32
		{0C3B6C74-2BE0-33D8-B7DC-82D01DE4A214}.Release|Win32.ActiveCfg = Release|Win32
		{0C3B6C74-2BE0-33D8-B7DC-82D01DE4A214}.Release|Win32.Build.0 = Release|Win32
		{0D3A93BA-84F0-5581-E208-F9E48E9D7F74}.Debug|Win32.ActiveCfg = Debug|Win32
		{0D3A93BA-84F0-5581-E208-F9E48E9D7F74}.Debug|Win32.Build.0 = Debug|Win32
		{0D3A93BA-84F0-5581-E208-F9E48E9D7F74}.default|Win32.ActiveCfg = default|Win32
		{0D3A93BA-84F0-5581-E208-F9E48E9D7F74}.default|Win32.Build.0 = default|Win32
		{0D3A93BA-84F0-5581-E208-F9E48E9D7F74}.Release|Win32.ActiveCfg = Release|Win32
		{0D3A93BA-84F0-5581-E208-F9E48E9D7F74}.Release|Win32.Build.0 = Release|Win32
		{0E3A86CC-4778-CC08-C66E-36CC508E8612}.Debug|Win32.ActiveCfg = Debug|Win32
		{0E3A86CC-4778-CC08-C66E-36CC508E8612}.Debug|Win32.Build.0 = Debug|Win32
		{0E3A86CC-4778-CC08-C66E-36CC508E8612}.default|Win32.ActiveCfg = default|Win32
		{0E3A86CC-4778-CC08-C66E-36CC508E8612}.default|Win32.Build.0 = default|Win32
		{0E3A86CC-4778-CC08-C66E-36CC508E8612}.Release|Win32.ActiveCfg = Release|Win32
		{0E3A86CC-4778-CC08-C66E-36CC508E8612}.Release|Win32.Build.0 = Release|Win32
		{0F3A79FA-B670-B662-26BC-9962B1C6CD82}.Debug|Win32.ActiveCfg = Debug|Win32
		{0F3A79FA-B670-B662-26BC-9962B1C6CD82}.Debug|Win32.Build.0 = Debug|Win32
		{0F3A79FA-B670-B662-26BC-9962B1C6CD82}.default|Win32.ActiveCfg = default|Win32
		{0F3A79FA-B670-B662-26BC-9962B1C6CD82}.default|Win32.Build.0 = default|Win32
		{0F3A79FA-B670-B662-26BC-9962B1C6CD82}.Release|Win32.ActiveCfg = Release|Win32
		{0F3A79FA-B670-B662-26BC-9962B1C6CD82}.Release|Win32.Build.0 = Release|Win32
		{103A6C44-E9B8-EE5C-64A0-10A4C7D435F0}.Debug|Win32.ActiveCfg = Debug|Win32
		{103A6C44-E9B8-EE5C-64A0-10A4C7D435F0}.Debug|Win32.Build.0 = Debug|Win32
		{103A6C44-E9B8-EE5C-64A0-10A4C7D435F0}.default|Win32.ActiveCfg = default|Win32
		{103A6C44-E9B8-EE5C-64A0-10A4C7D435F0}.default|Win32.Build.0 = default|Win32
		{103A6C44-E9B8-EE5C-64A0-10A4C7D435F0}.Release|Win32.ActiveCfg = Release|Win32
		{103A6C44-E9B8-EE5C-64A0-10A4C7D435F0}.Release|Win32.Build.0 = Release|Win32
	EndGlobalSection
	GlobalSection(SolutionProperties) = preSolution
		HideSolutionNode = FALSE
	EndGlobalSection
EndGlobal
