<?xml version="1.0" encoding="utf-8"?>
<Project ToolsVersion="4.0" xmlns="http://schemas.microsoft.com/developer/msbuild/2003">
  <ItemGroup>
    <Filter Include="Source Files">
      <UniqueIdentifier>{10460953-6352-4abc-aa1c-c925cd4e6647}</UniqueIdentifier>
    </Filter>
    <Filter Include="Header Files">
      <UniqueIdentifier>{1be7ce10-45c3-477f-9c0c-0aebd576d1c5}</UniqueIdentifier>
    </Filter>
    <Filter Include="Header Files\User_Reports">
      <UniqueIdentifier>{627c8985-a2a5-4766-8568-1858a8d88239}</UniqueIdentifier>
    </Filter>
    <Filter Include="Common Files">
      <UniqueIdentifier>{18dabfa2-1c07-49e9-b855-5dec76f22aef}</UniqueIdentifier>
    </Filter>
    <Filter Include="Common Files\win">
      <UniqueIdentifier>{7b5dbb67-d9a1-492c-9aaf-34345528595c}</UniqueIdentifier>
    </Filter>
    <Filter Include="Common Files\User_Reports">
      <UniqueIdentifier>{83ba9631-c2b0-4f1f-91c2-8dd83e648b79}</UniqueIdentifier>
    </Filter>
    <Filter Include="libs">
      <UniqueIdentifier>{427cf484-24ab-4c1d-b63a-244c897659e8}</UniqueIdentifier>
    </Filter>
    <Filter Include="libs\SDKs">
      <UniqueIdentifier>{44cbb5e3-5fd6-4e9a-b703-f64ca9fafbe1}</UniqueIdentifier>
    </Filter>
    <Filter Include="libs\SDKs\lib">
      <UniqueIdentifier>{e5da965d-3943-4dc5-8fe8-d23fc2ecb7e4}</UniqueIdentifier>
    </Filter>
    <Filter Include="libs\SDKs\lib\win32">
      <UniqueIdentifier>{601e7c7b-134d-494c-a54c-cc76c5259505}</UniqueIdentifier>
    </Filter>
    <Filter Include="libs\Graphics">
      <UniqueIdentifier>{dc4e065b-601f-4e19-b4ea-103e4c2edf5f}</UniqueIdentifier>
    </Filter>
    <Filter Include="libs\Graphics\lib">
      <UniqueIdentifier>{163b30af-9319-4e54-84d7-ee31a00a7064}</UniqueIdentifier>
    </Filter>
    <Filter Include="libs\Graphics\lib\win32">
      <UniqueIdentifier>{c54e9ff3-9045-46e1-b9ca-9a9262451d4a}</UniqueIdentifier>
    </Filter>
    <Filter Include="libs\Graphics\lib\win32\glut">
      <UniqueIdentifier>{4dad4078-e604-4a2f-873b-daa74dc512a9}</UniqueIdentifier>
    </Filter>
  </ItemGroup>
  <ItemGroup>
    <ClCompile Include="..\..\Lesson207\source\Lesson207.cpp">
      <Filter>Source Files</Filter>
    </ClCompile>
    <ClCompile Include="..\..\..\Shared_Source\win\MediaPath_WIN.cpp">
      <Filter>Common Files\win</Filter>
    </ClCompile>
    <ClCompile Include="..\..\..\Shared_Source\win\Timing_WIN.cpp">
      <Filter>Common Files\win</Filter>
    </ClCompile>
    <ClCompile Include="..\..\..\Shared_Source\User_Reports\DebugRenderer.cpp">
      <Filter>Common Files\User_Reports</Filter>
    </ClCompile>
    <ClCompile Include="..\..\..\Shared_Source\User_Reports\UserAllocator.cpp">
      <Filter>Common Files\User_Reports</Filter>
    </ClCompile>
    <ClCompile Include="..\..\..\Shared_Source\CommonCode.cpp">
      <Filter>Common Files</Filter>
    </ClCompile>
    <ClCompile Include="..\..\..\Shared_Source\DrawObjects.cpp">
      <Filter>Common Files</Filter>
    </ClCompile>
    <ClCompile Include="..\..\..\Shared_Source\HUD.cpp">
      <Filter>Common Files</Filter>
    </ClCompile>
    <ClCompile Include="..\..\..\Shared_Source\GLFontRenderer.cpp">
      <Filter>Common Files</Filter>
    </ClCompile>
    <ClCompile Include="..\..\..\Shared_Source\UserData.cpp">
      <Filter>Common Files</Filter>
    </ClCompile>
    <ClCompile Include="..\..\..\Shared_Source\Stream.cpp">
      <Filter>Common Files</Filter>
    </ClCompile>
    <ClCompile Include="..\..\..\Shared_Source\Actors.cpp">
      <Filter>Common Files</Filter>
    </ClCompile>
  </ItemGroup>
  <ItemGroup>
    <ClInclude Include="..\..\..\Shared_Source\User_Reports\DebugRenderer.h">
      <Filter>Header Files\User_Reports</Filter>
    </ClInclude>
    <ClInclude Include="..\..\..\Shared_Source\User_Reports\UserAllocator.h">
      <Filter>Header Files\User_Reports</Filter>
    </ClInclude>
    <ClInclude Include="..\..\Lesson207\source\Lesson207.h">
      <Filter>Header Files</Filter>
    </ClInclude>
    <ClInclude Include="..\..\..\Shared_Source\CommonCode.h">
      <Filter>Header Files</Filter>
    </ClInclude>
    <ClInclude Include="..\..\..\Shared_Source\DrawObjects.h">
      <Filter>Header Files</Filter>
    </ClInclude>
    <ClInclude Include="..\..\..\Shared_Source\HUD.h">
      <Filter>Header Files</Filter>
    </ClInclude>
    <ClInclude Include="..\..\..\Shared_Source\UserData.h">
      <Filter>Header Files</Filter>
    </ClInclude>
    <ClInclude Include="..\..\..\Shared_Source\Stream.h">
      <Filter>Header Files</Filter>
    </ClInclude>
    <ClInclude Include="..\..\..\Shared_Source\Actors.h">
      <Filter>Header Files</Filter>
    </ClInclude>
  </ItemGroup>
  <ItemGroup>
    <Library Include="..\..\..\..\..\SDKs\lib\win32\PhysXLoader.lib">
      <Filter>libs\SDKs\lib\win32</Filter>
    </Library>
    <Library Include="..\..\..\..\..\SDKs\lib\win32\PhysXCooking.lib">
      <Filter>libs\SDKs\lib\win32</Filter>
    </Library>
    <Library Include="..\..\..\..\..\Graphics\lib\win32\glut\glut32.lib">
      <Filter>libs\Graphics\lib\win32\glut</Filter>
    </Library>
  </ItemGroup>
</Project>