<?xml version="1.0" encoding="utf-8"?>
<Project ToolsVersion="4.0" xmlns="http://schemas.microsoft.com/developer/msbuild/2003">
  <ItemGroup>
    <Filter Include="Source Files">
      <UniqueIdentifier>{9a7f00f4-5c64-48b9-ac69-c1c23bbb0d5a}</UniqueIdentifier>
    </Filter>
    <Filter Include="Header Files">
      <UniqueIdentifier>{cfb65879-d7fb-4f31-b629-879c90c7c82b}</UniqueIdentifier>
    </Filter>
    <Filter Include="Header Files\User_Reports">
      <UniqueIdentifier>{b4181622-8cf3-4946-bfdd-d79d60baafb9}</UniqueIdentifier>
    </Filter>
    <Filter Include="Common Files">
      <UniqueIdentifier>{802e0fc4-53db-4b95-bda3-e198ef8306e0}</UniqueIdentifier>
    </Filter>
    <Filter Include="Common Files\win">
      <UniqueIdentifier>{5ddef44c-67b3-4df4-9846-3e81b4e457e6}</UniqueIdentifier>
    </Filter>
    <Filter Include="Common Files\User_Reports">
      <UniqueIdentifier>{4e566df7-f616-4f53-a2f7-b8f09671aea4}</UniqueIdentifier>
    </Filter>
    <Filter Include="libs">
      <UniqueIdentifier>{089430be-5265-4c42-88d8-fdf2eae9bade}</UniqueIdentifier>
    </Filter>
    <Filter Include="libs\SDKs">
      <UniqueIdentifier>{73617edb-d1c5-4e0a-8780-544348b90309}</UniqueIdentifier>
    </Filter>
    <Filter Include="libs\SDKs\lib">
      <UniqueIdentifier>{d44c65cf-1e21-4e19-9d17-3d1b74d97036}</UniqueIdentifier>
    </Filter>
    <Filter Include="libs\SDKs\lib\win32">
      <UniqueIdentifier>{77a626a9-4996-4570-a568-3a0658c3c01a}</UniqueIdentifier>
    </Filter>
    <Filter Include="libs\Graphics">
      <UniqueIdentifier>{6f7eb02f-7596-466b-bf29-d39616872359}</UniqueIdentifier>
    </Filter>
    <Filter Include="libs\Graphics\lib">
      <UniqueIdentifier>{1d74ca45-e63f-4b3a-ba76-46f1187000c7}</UniqueIdentifier>
    </Filter>
    <Filter Include="libs\Graphics\lib\win32">
      <UniqueIdentifier>{78833e1a-9e67-4461-9146-59dbc123f706}</UniqueIdentifier>
    </Filter>
    <Filter Include="libs\Graphics\lib\win32\glut">
      <UniqueIdentifier>{1aa237e5-d82b-4741-afee-b603588ef443}</UniqueIdentifier>
    </Filter>
  </ItemGroup>
  <ItemGroup>
    <ClCompile Include="..\..\Lesson209\source\Lesson209.cpp">
      <Filter>Source Files</Filter>
    </ClCompile>
    <ClCompile Include="..\..\..\Shared_Source\win\MediaPath_WIN.cpp">
      <Filter>Common Files\win</Filter>
    </ClCompile>
    <ClCompile Include="..\..\..\Shared_Source\win\Timing_WIN.cpp">
      <Filter>Common Files\win</Filter>
    </ClCompile>
    <ClCompile Include="..\..\..\Shared_Source\User_Reports\DebugRenderer.cpp">
      <Filter>Common Files\User_Reports</Filter>
    </ClCompile>
    <ClCompile Include="..\..\..\Shared_Source\User_Reports\UserAllocator.cpp">
      <Filter>Common Files\User_Reports</Filter>
    </ClCompile>
    <ClCompile Include="..\..\..\Shared_Source\CommonCode.cpp">
      <Filter>Common Files</Filter>
    </ClCompile>
    <ClCompile Include="..\..\..\Shared_Source\DrawObjects.cpp">
      <Filter>Common Files</Filter>
    </ClCompile>
    <ClCompile Include="..\..\..\Shared_Source\HUD.cpp">
      <Filter>Common Files</Filter>
    </ClCompile>
    <ClCompile Include="..\..\..\Shared_Source\GLFontRenderer.cpp">
      <Filter>Common Files</Filter>
    </ClCompile>
    <ClCompile Include="..\..\..\Shared_Source\Joints.cpp">
      <Filter>Common Files</Filter>
    </ClCompile>
    <ClCompile Include="..\..\..\Shared_Source\Stream.cpp">
      <Filter>Common Files</Filter>
    </ClCompile>
    <ClCompile Include="..\..\..\Shared_Source\Actors.cpp">
      <Filter>Common Files</Filter>
    </ClCompile>
  </ItemGroup>
  <ItemGroup>
    <ClInclude Include="..\..\..\Shared_Source\User_Reports\DebugRenderer.h">
      <Filter>Header Files\User_Reports</Filter>
    </ClInclude>
    <ClInclude Include="..\..\..\Shared_Source\User_Reports\UserAllocator.h">
      <Filter>Header Files\User_Reports</Filter>
    </ClInclude>
    <ClInclude Include="..\..\Lesson209\source\Lesson209.h">
      <Filter>Header Files</Filter>
    </ClInclude>
    <ClInclude Include="..\..\..\Shared_Source\CommonCode.h">
      <Filter>Header Files</Filter>
    </ClInclude>
    <ClInclude Include="..\..\..\Shared_Source\DrawObjects.h">
      <Filter>Header Files</Filter>
    </ClInclude>
    <ClInclude Include="..\..\..\Shared_Source\HUD.h">
      <Filter>Header Files</Filter>
    </ClInclude>
    <ClInclude Include="..\..\..\Shared_Source\Joints.h">
      <Filter>Header Files</Filter>
    </ClInclude>
    <ClInclude Include="..\..\..\Shared_Source\Stream.h">
      <Filter>Header Files</Filter>
    </ClInclude>
    <ClInclude Include="..\..\..\Shared_Source\Actors.h">
      <Filter>Header Files</Filter>
    </ClInclude>
  </ItemGroup>
  <ItemGroup>
    <Library Include="..\..\..\..\..\SDKs\lib\win32\PhysXLoader.lib">
      <Filter>libs\SDKs\lib\win32</Filter>
    </Library>
    <Library Include="..\..\..\..\..\SDKs\lib\win32\PhysXCooking.lib">
      <Filter>libs\SDKs\lib\win32</Filter>
    </Library>
    <Library Include="..\..\..\..\..\Graphics\lib\win32\glut\glut32.lib">
      <Filter>libs\Graphics\lib\win32\glut</Filter>
    </Library>
  </ItemGroup>
</Project>